
Microsoft Visual Studio Solution File, Format Version 12.00
# Visual Studio Version 16
VisualStudioVersion = 16.0.29806.167
MinimumVisualStudioVersion = 10.0.40219.1
Project("{FAE04EC0-301F-11D3-BF4B-00C04F79EFBC}") = "Cache.Aspect", "Cache.Aspect\Cache.Aspect.csproj", "{48E06D69-2959-480D-9E3B-CF7D62B6569D}"
EndProject
Global
	GlobalSection(SolutionConfigurationPlatforms) = preSolution
		Debug|Any CPU = Debug|Any CPU
		Release|Any CPU = Release|Any CPU
	EndGlobalSection
	GlobalSection(ProjectConfigurationPlatforms) = postSolution
		{48E06D69-2959-480D-9E3B-CF7D62B6569D}.Debug|Any CPU.ActiveCfg = Debug|Any CPU
		{48E06D69-2959-480D-9E3B-CF7D62B6569D}.Debug|Any CPU.Build.0 = Debug|Any CPU
		{48E06D69-2959-480D-9E3B-CF7D62B6569D}.Release|Any CPU.ActiveCfg = Release|Any CPU
		{48E06D69-2959-480D-9E3B-CF7D62B6569D}.Release|Any CPU.Build.0 = Release|Any CPU
	EndGlobalSection
	GlobalSection(SolutionProperties) = preSolution
		HideSolutionNode = FALSE
	EndGlobalSection
	GlobalSection(ExtensibilityGlobals) = postSolution
		SolutionGuid = {2A00891A-8E4F-4E59-B3D9-63A5D569A7E9}
	EndGlobalSection
EndGlobal
